Microsoft Visual Studio Solution File, Format Version 12.00
# Visual Studio 2012
Project("{FAE04EC0-301F-11D3-BF4B-00C04F79EFBC}") = "BomberMan", "BomberMan.csproj", "{D373D338-EC19-4EFA-92A9-B2AAC81CFCB3}"
EndProject
Global
	GlobalSection(SolutionConfigurationPlatforms) = preSolution
	Debug|Any CPU = Debug|Any CPU
	ExportDebug|Any CPU = ExportDebug|Any CPU
	ExportRelease|Any CPU = ExportRelease|Any CPU
	EndGlobalSection
	GlobalSection(ProjectConfigurationPlatforms) = postSolution
		{D373D338-EC19-4EFA-92A9-B2AAC81CFCB3}.Debug|Any CPU.ActiveCfg = Debug|Any CPU
		{D373D338-EC19-4EFA-92A9-B2AAC81CFCB3}.Debug|Any CPU.Build.0 = Debug|Any CPU
		{D373D338-EC19-4EFA-92A9-B2AAC81CFCB3}.ExportDebug|Any CPU.ActiveCfg = ExportDebug|Any CPU
		{D373D338-EC19-4EFA-92A9-B2AAC81CFCB3}.ExportDebug|Any CPU.Build.0 = ExportDebug|Any CPU
		{D373D338-EC19-4EFA-92A9-B2AAC81CFCB3}.ExportRelease|Any CPU.ActiveCfg = ExportRelease|Any CPU
		{D373D338-EC19-4EFA-92A9-B2AAC81CFCB3}.ExportRelease|Any CPU.Build.0 = ExportRelease|Any CPU
	EndGlobalSection
EndGlobal
